
Microsoft Visual Studio Solution File, Format Version 12.00
# Visual Studio 2013
VisualStudioVersion = 12.0.21005.1
MinimumVisualStudioVersion = 10.0.40219.1
Project("{FAE04EC0-301F-11D3-BF4B-00C04F79EFBC}") = "WCalculator", "WCalculator\WCalculator.csproj", "{510ECA1F-70ED-4636-94F9-81161A1A3928}"
EndProject
Global
	GlobalSection(SolutionConfigurationPlatforms) = preSolution
		Debug|Any CPU = Debug|Any CPU
		Release|Any CPU = Release|Any CPU
	EndGlobalSection
	GlobalSection(ProjectConfigurationPlatforms) = postSolution
		{510ECA1F-70ED-4636-94F9-81161A1A3928}.Debug|Any CPU.ActiveCfg = Debug|Any CPU
		{510ECA1F-70ED-4636-94F9-81161A1A3928}.Debug|Any CPU.Build.0 = Debug|Any CPU
		{510ECA1F-70ED-4636-94F9-81161A1A3928}.Release|Any CPU.ActiveCfg = Release|Any CPU
		{510ECA1F-70ED-4636-94F9-81161A1A3928}.Release|Any CPU.Build.0 = Release|Any CPU
	EndGlobalSection
	GlobalSection(SolutionProperties) = preSolution
		HideSolutionNode = FALSE
	EndGlobalSection
EndGlobal
